
Microsoft Visual Studio Solution File, Format Version 12.00
# Visual Studio Version 17
VisualStudioVersion = 17.0.31717.71
MinimumVisualStudioVersion = 10.0.40219.1
Project("{2150E333-8FDC-42A3-9474-1A3956D46DE8}") = "src", "src", "{AAB54E74-20B1-42ED-BC3D-CE9F7BC7FD12}"
	ProjectSection(SolutionItems) = preProject
		src\Amazon.Lambda.Annotations.nuspec = src\Amazon.Lambda.Annotations.nuspec
	EndProjectSection
EndProject
Project("{2150E333-8FDC-42A3-9474-1A3956D46DE8}") = "Solution Items", "Solution Items", "{A101C2F7-C63F-4FDE-94BB-DFA637EBEA44}"
	ProjectSection(SolutionItems) = preProject
		..\README.md = ..\README.md
		..\RELEASE.CHANGELOG.md = ..\RELEASE.CHANGELOG.md
	EndProjectSection
EndProject
Project("{2150E333-8FDC-42A3-9474-1A3956D46DE8}") = "test", "test", "{1DE4EE60-45BA-4EF7-BE00-B9EB861E4C69}"
EndProject
Project("{9A19103F-16F7-4668-BE54-9A1E7A4F7556}") = "Amazon.Lambda.Core", "src\Amazon.Lambda.Core\Amazon.Lambda.Core.csproj", "{51F5E824-CAE2-4EF4-9131-13256BFD28B6}"
EndProject
Project("{9A19103F-16F7-4668-BE54-9A1E7A4F7556}") = "Amazon.Lambda.Logging.AspNetCore", "src\Amazon.Lambda.Logging.AspNetCore\Amazon.Lambda.Logging.AspNetCore.csproj", "{201AC4EB-48D8-4E4A-A336-BB16DD630A19}"
EndProject
Project("{9A19103F-16F7-4668-BE54-9A1E7A4F7556}") = "Amazon.Lambda.Core.Tests", "test\Amazon.Lambda.Core.Tests\Amazon.Lambda.Core.Tests.csproj", "{C148726C-9555-4347-89B4-B9A514EBB02C}"
EndProject
Project("{9A19103F-16F7-4668-BE54-9A1E7A4F7556}") = "Amazon.Lambda.Serialization.Json", "src\Amazon.Lambda.Serialization.Json\Amazon.Lambda.Serialization.Json.csproj", "{13A0F4C9-69EC-4B8E-A00F-7BAE23CC16E7}"
EndProject
Project("{9A19103F-16F7-4668-BE54-9A1E7A4F7556}") = "Amazon.Lambda.AspNetCoreServer", "src\Amazon.Lambda.AspNetCoreServer\Amazon.Lambda.AspNetCoreServer.csproj", "{25813AAC-F0B3-4591-AA99-67983394623B}"
EndProject
Project("{9A19103F-16F7-4668-BE54-9A1E7A4F7556}") = "Amazon.Lambda.APIGatewayEvents", "src\Amazon.Lambda.APIGatewayEvents\Amazon.Lambda.APIGatewayEvents.csproj", "{480D89E0-4334-4903-82CD-1B8ADF09D019}"
EndProject
Project("{9A19103F-16F7-4668-BE54-9A1E7A4F7556}") = "Amazon.Lambda.CognitoEvents", "src\Amazon.Lambda.CognitoEvents\Amazon.Lambda.CognitoEvents.csproj", "{105B1BBB-4114-4D86-812E-EFFBB6E47CE5}"
EndProject
Project("{9A19103F-16F7-4668-BE54-9A1E7A4F7556}") = "Amazon.Lambda.ConnectEvents", "src\Amazon.Lambda.ConnectEvents\Amazon.Lambda.ConnectEvents.csproj", "{690F1C8C-A702-472D-9B72-7280F41D4B47}"
EndProject
Project("{9A19103F-16F7-4668-BE54-9A1E7A4F7556}") = "Amazon.Lambda.ConfigEvents", "src\Amazon.Lambda.ConfigEvents\Amazon.Lambda.ConfigEvents.csproj", "{6BF4EC9F-FB9E-4898-81F7-B392BF83D2B0}"
EndProject
Project("{9A19103F-16F7-4668-BE54-9A1E7A4F7556}") = "Amazon.Lambda.DynamoDBEvents", "src\Amazon.Lambda.DynamoDBEvents\Amazon.Lambda.DynamoDBEvents.csproj", "{CB170908-F770-4554-A974-9653562F1042}"
EndProject
Project("{9A19103F-16F7-4668-BE54-9A1E7A4F7556}") = "Amazon.Lambda.KinesisEvents", "src\Amazon.Lambda.KinesisEvents\Amazon.Lambda.KinesisEvents.csproj", "{3ED92849-4103-4AEF-B406-FF856C134C4B}"
EndProject
Project("{9A19103F-16F7-4668-BE54-9A1E7A4F7556}") = "Amazon.Lambda.S3Events", "src\Amazon.Lambda.S3Events\Amazon.Lambda.S3Events.csproj", "{D4B8939E-9684-4237-861C-2288EB5DD4E8}"
EndProject
Project("{9A19103F-16F7-4668-BE54-9A1E7A4F7556}") = "Amazon.Lambda.SNSEvents", "src\Amazon.Lambda.SNSEvents\Amazon.Lambda.SNSEvents.csproj", "{D05BF033-DA2C-463C-BB98-64D28E1A4A75}"
EndProject
Project("{9A19103F-16F7-4668-BE54-9A1E7A4F7556}") = "Amazon.Lambda.TestUtilities", "src\Amazon.Lambda.TestUtilities\Amazon.Lambda.TestUtilities.csproj", "{0083B713-6399-479D-AA06-58D3E87F167D}"
EndProject
Project("{9A19103F-16F7-4668-BE54-9A1E7A4F7556}") = "Amazon.Lambda.AspNetCoreServer.Test", "test\Amazon.Lambda.AspNetCoreServer.Test\Amazon.Lambda.AspNetCoreServer.Test.csproj", "{5B48AEA8-5702-45A8-9D89-CEB986E6DBC1}"
EndProject
Project("{9A19103F-16F7-4668-BE54-9A1E7A4F7556}") = "TestWebApp", "test\TestWebApp\TestWebApp.csproj", "{101ABE51-390D-41DF-A70B-2BD3B08B2CC7}"
EndProject
Project("{9A19103F-16F7-4668-BE54-9A1E7A4F7556}") = "Amazon.Lambda.Logging.AspNetCore.Tests", "test\Amazon.Lambda.Logging.AspNetCore.Tests\Amazon.Lambda.Logging.AspNetCore.Tests.csproj", "{A612EC01-6595-4EA6-B0EF-FF00E4FB331D}"
EndProject
Project("{9A19103F-16F7-4668-BE54-9A1E7A4F7556}") = "TestFunction", "test\TestFunction\TestFunction.csproj", "{11A53C8D-A49B-4477-BFD9-E00C77D1291C}"
EndProject
Project("{9A19103F-16F7-4668-BE54-9A1E7A4F7556}") = "Amazon.Lambda.SimpleEmailEvents", "src\Amazon.Lambda.SimpleEmailEvents\Amazon.Lambda.SimpleEmailEvents.csproj", "{A6348510-7948-46B1-A2C4-396B8C55440C}"
EndProject
Project("{9A19103F-16F7-4668-BE54-9A1E7A4F7556}") = "Amazon.Lambda.LexEvents", "src\Amazon.Lambda.LexEvents\Amazon.Lambda.LexEvents.csproj", "{F93EFEFF-FD1F-48F1-A0F1-BBE87205129E}"
EndProject
Project("{9A19103F-16F7-4668-BE54-9A1E7A4F7556}") = "Amazon.Lambda.KinesisFirehoseEvents", "src\Amazon.Lambda.KinesisFirehoseEvents\Amazon.Lambda.KinesisFirehoseEvents.csproj", "{E104E093-3562-4F07-B138-821A428DE267}"
EndProject
Project("{9A19103F-16F7-4668-BE54-9A1E7A4F7556}") = "Amazon.Lambda.CloudWatchLogsEvents", "src\Amazon.Lambda.CloudWatchLogsEvents\Amazon.Lambda.CloudWatchLogsEvents.csproj", "{32827626-2128-49A0-A2A9-2F5076AADDAD}"
EndProject
Project("{9A19103F-16F7-4668-BE54-9A1E7A4F7556}") = "Amazon.Lambda.KinesisAnalyticsEvents", "src\Amazon.Lambda.KinesisAnalyticsEvents\Amazon.Lambda.KinesisAnalyticsEvents.csproj", "{EAC0F95B-B43A-49EB-A6DF-D0353DAD4593}"
EndProject
Project("{2150E333-8FDC-42A3-9474-1A3956D46DE8}") = "TestFunctionFSharp", "TestFunctionFSharp", "{BB021F02-D90F-469C-8D56-919771B7F4DE}"
EndProject
Project("{9A19103F-16F7-4668-BE54-9A1E7A4F7556}") = "FSharpJsonSerializer", "test\TestFunctionFSharp\FSharpJsonSerializer\FSharpJsonSerializer.csproj", "{8C9EA16D-6055-421B-ABE7-1B0E35259DFC}"
EndProject
Project("{6EC3EE1D-3C4E-46DD-8F32-0CC8E7565705}") = "TestFunctionFSharp", "test\TestFunctionFSharp\TestFunctionFSharp\TestFunctionFSharp.fsproj", "{CB38FA21-5814-4573-94C7-3672D61BC8B8}"
EndProject
Project("{9A19103F-16F7-4668-BE54-9A1E7A4F7556}") = "TestFunctionCSharp", "test\TestFunctionFSharp\TestFunctionCSharp\TestFunctionCSharp.csproj", "{2810A66B-3A03-4889-A4D0-0E8838474A4A}"
EndProject
Project("{9A19103F-16F7-4668-BE54-9A1E7A4F7556}") = "Amazon.Lambda.SQSEvents", "src\Amazon.Lambda.SQSEvents\Amazon.Lambda.SQSEvents.csproj", "{74BFF877-D276-43BF-AC3A-E65BF26E4E2F}"
EndProject
Project("{9A19103F-16F7-4668-BE54-9A1E7A4F7556}") = "Amazon.Lambda.PowerShellHost", "src\Amazon.Lambda.PowerShellHost\Amazon.Lambda.PowerShellHost.csproj", "{51CAD9E3-B5AE-4787-915E-7FA096CF783F}"
EndProject
Project("{2150E333-8FDC-42A3-9474-1A3956D46DE8}") = "TestPowerShellFunctions", "TestPowerShellFunctions", "{ADEC039D-0C34-4DA7-802B-6204FFE3F1F5}"
EndProject
Project("{9A19103F-16F7-4668-BE54-9A1E7A4F7556}") = "PowerShellTests", "test\PowerShellTests\PowerShellTests.csproj", "{997B1047-4361-4E6D-9850-F130EC188141}"
EndProject
Project("{9A19103F-16F7-4668-BE54-9A1E7A4F7556}") = "PowerShellScriptsAsFunctions", "test\TestPowerShellFunctions\PowerShellScriptsAsFunctions\PowerShellScriptsAsFunctions.csproj", "{0AD1E5D6-AC23-47C1-97BF-227007021B6F}"
EndProject
Project("{9A19103F-16F7-4668-BE54-9A1E7A4F7556}") = "Amazon.Lambda.CloudWatchEvents", "src\Amazon.Lambda.CloudWatchEvents\Amazon.Lambda.CloudWatchEvents.csproj", "{AD96AA48-2E1A-4BBB-9329-E1E484172FE3}"
EndProject
Project("{9A19103F-16F7-4668-BE54-9A1E7A4F7556}") = "Amazon.Lambda.ApplicationLoadBalancerEvents", "src\Amazon.Lambda.ApplicationLoadBalancerEvents\Amazon.Lambda.ApplicationLoadBalancerEvents.csproj", "{0E743512-2FE4-40AD-935A-17B40ACF82C1}"
EndProject
Project("{9A19103F-16F7-4668-BE54-9A1E7A4F7556}") = "Amazon.Lambda.RuntimeSupport", "src\Amazon.Lambda.RuntimeSupport\Amazon.Lambda.RuntimeSupport.csproj", "{0046EAB1-FA73-4D7A-A7CD-936E943F775E}"
EndProject
Project("{2150E333-8FDC-42A3-9474-1A3956D46DE8}") = "Amazon.Lambda.RuntimeSupport.Tests", "Amazon.Lambda.RuntimeSupport.Tests", "{B5BD0336-7D08-492C-8489-42C987E29B39}"
EndProject
Project("{9A19103F-16F7-4668-BE54-9A1E7A4F7556}") = "CustomRuntimeFunctionTest", "test\Amazon.Lambda.RuntimeSupport.Tests\CustomRuntimeFunctionTest\CustomRuntimeFunctionTest.csproj", "{61934DD2-CFBB-48E1-947C-75E8F736734C}"
EndProject
Project("{9A19103F-16F7-4668-BE54-9A1E7A4F7556}") = "Amazon.Lambda.RuntimeSupport.IntegrationTests", "test\Amazon.Lambda.RuntimeSupport.Tests\Amazon.Lambda.RuntimeSupport.IntegrationTests\Amazon.Lambda.RuntimeSupport.IntegrationTests.csproj", "{39FD7632-73D0-4BB3-AE99-DC7B8B251E29}"
EndProject
Project("{9A19103F-16F7-4668-BE54-9A1E7A4F7556}") = "Amazon.Lambda.RuntimeSupport.UnitTests", "test\Amazon.Lambda.RuntimeSupport.Tests\Amazon.Lambda.RuntimeSupport.UnitTests\Amazon.Lambda.RuntimeSupport.UnitTests.csproj", "{10E47FE4-8620-4933-A14D-E33F25CA557A}"
EndProject
Project("{9A19103F-16F7-4668-BE54-9A1E7A4F7556}") = "Amazon.Lambda.Serialization.SystemTextJson", "src\Amazon.Lambda.Serialization.SystemTextJson\Amazon.Lambda.Serialization.SystemTextJson.csproj", "{AA6BA0B8-D61E-49E7-BC1B-19410E25F005}"
EndProject
Project("{D954291E-2A0B-460D-934E-DC6B0785DB48}") = "EventsTests.Shared", "test\EventsTests.Shared\EventsTests.Shared.shproj", "{A2CB78BB-E54F-48CA-BBFB-9553D27EF23D}"
EndProject
Project("{9A19103F-16F7-4668-BE54-9A1E7A4F7556}") = "EventsTests.NETCore31", "test\EventsTests.NETCore31\EventsTests.NETCore31.csproj", "{44E9D925-B61D-4234-97B7-61424C963BA6}"
EndProject
Project("{9A19103F-16F7-4668-BE54-9A1E7A4F7556}") = "HandlerTest", "test\HandlerTest\HandlerTest.csproj", "{E88231E0-B249-49AE-B764-DB6C9615F6CA}"
EndProject
Project("{9A19103F-16F7-4668-BE54-9A1E7A4F7556}") = "HandlerTestNoSerializer", "test\HandlerTestNoSerializer\HandlerTestNoSerializer.csproj", "{9736E38B-B67F-42BD-882E-CE9C8AEE1BC4}"
EndProject
Project("{9A19103F-16F7-4668-BE54-9A1E7A4F7556}") = "TestServerlessApp", "test\TestServerlessApp\TestServerlessApp.csproj", "{3D322CAB-0DDD-4C84-B3ED-0862F244AF5C}"
EndProject
Project("{9A19103F-16F7-4668-BE54-9A1E7A4F7556}") = "Amazon.Lambda.Annotations.SourceGenerators.Tests", "test\Amazon.Lambda.Annotations.SourceGenerators.Tests\Amazon.Lambda.Annotations.SourceGenerators.Tests.csproj", "{D76F2C74-3D7F-4DB3-BA1A-F2EA14749253}"
EndProject
Project("{9A19103F-16F7-4668-BE54-9A1E7A4F7556}") = "Amazon.Lambda.Annotations", "src\Amazon.Lambda.Annotations\Amazon.Lambda.Annotations.csproj", "{ADA9AF37-A8C1-47E6-BBBD-5C7E49C26C0E}"
EndProject
Project("{9A19103F-16F7-4668-BE54-9A1E7A4F7556}") = "Amazon.Lambda.Annotations.SourceGenerator", "src\Amazon.Lambda.Annotations.SourceGenerator\Amazon.Lambda.Annotations.SourceGenerator.csproj", "{3C617909-D61F-4AA8-B11C-4C9ECC865D75}"
EndProject
Project("{9A19103F-16F7-4668-BE54-9A1E7A4F7556}") = "TestServerlessApp.IntegrationTests", "test\TestServerlessApp.IntegrationTests\TestServerlessApp.IntegrationTests.csproj", "{2D956162-04BE-402E-9487-AE785AA14DE4}"
EndProject
Project("{9A19103F-16F7-4668-BE54-9A1E7A4F7556}") = "Amazon.Lambda.AspNetCoreServer.Hosting", "src\Amazon.Lambda.AspNetCoreServer.Hosting\Amazon.Lambda.AspNetCoreServer.Hosting.csproj", "{02908C6F-FBDF-4949-B039-0F4632265B90}"
EndProject
Project("{9A19103F-16F7-4668-BE54-9A1E7A4F7556}") = "CustomRuntimeAspNetCoreMinimalApiTest", "test\Amazon.Lambda.RuntimeSupport.Tests\CustomRuntimeAspNetCoreMinimalApiTest\CustomRuntimeAspNetCoreMinimalApiTest.csproj", "{2FFBE745-B7D5-4E44-B76D-88A0C2402FEB}"
EndProject
Project("{9A19103F-16F7-4668-BE54-9A1E7A4F7556}") = "EventsTests.NET6", "test\EventsTests.NET6\EventsTests.NET6.csproj", "{C1BB30D2-3237-4CFC-BA93-627471148EC2}"
EndProject
Project("{9A19103F-16F7-4668-BE54-9A1E7A4F7556}") = "Amazon.Lambda.KafkaEvents", "src\Amazon.Lambda.KafkaEvents\Amazon.Lambda.KafkaEvents.csproj", "{982A26C7-A5D1-4783-A7F8-F2B28AA2459E}"
EndProject
Project("{9A19103F-16F7-4668-BE54-9A1E7A4F7556}") = "TestMinimalAPIApp", "test\TestMinimalAPIApp\TestMinimalAPIApp.csproj", "{8AB1CBD7-2D08-492F-9C09-3E754364046C}"
EndProject
Global
	GlobalSection(SharedMSBuildProjectFiles) = preSolution
		test\EventsTests.Shared\EventsTests.Shared.projitems*{44e9d925-b61d-4234-97b7-61424c963ba6}*SharedItemsImports = 5
		test\EventsTests.Shared\EventsTests.Shared.projitems*{a2cb78bb-e54f-48ca-bbfb-9553d27ef23d}*SharedItemsImports = 13
		test\EventsTests.Shared\EventsTests.Shared.projitems*{c1bb30d2-3237-4cfc-ba93-627471148ec2}*SharedItemsImports = 5
	EndGlobalSection
	GlobalSection(SolutionConfigurationPlatforms) = preSolution
		Debug|Any CPU = Debug|Any CPU
		Release|Any CPU = Release|Any CPU
	EndGlobalSection
	GlobalSection(ProjectConfigurationPlatforms) = postSolution
		{51F5E824-CAE2-4EF4-9131-13256BFD28B6}.Debug|Any CPU.ActiveCfg = Debug|Any CPU
		{51F5E824-CAE2-4EF4-9131-13256BFD28B6}.Debug|Any CPU.Build.0 = Debug|Any CPU
		{51F5E824-CAE2-4EF4-9131-13256BFD28B6}.Release|Any CPU.ActiveCfg = Release|Any CPU
		{51F5E824-CAE2-4EF4-9131-13256BFD28B6}.Release|Any CPU.Build.0 = Release|Any CPU
		{201AC4EB-48D8-4E4A-A336-BB16DD630A19}.Debug|Any CPU.ActiveCfg = Debug|Any CPU
		{201AC4EB-48D8-4E4A-A336-BB16DD630A19}.Debug|Any CPU.Build.0 = Debug|Any CPU
		{201AC4EB-48D8-4E4A-A336-BB16DD630A19}.Release|Any CPU.ActiveCfg = Release|Any CPU
		{201AC4EB-48D8-4E4A-A336-BB16DD630A19}.Release|Any CPU.Build.0 = Release|Any CPU
		{C148726C-9555-4347-89B4-B9A514EBB02C}.Debug|Any CPU.ActiveCfg = Debug|Any CPU
		{C148726C-9555-4347-89B4-B9A514EBB02C}.Debug|Any CPU.Build.0 = Debug|Any CPU
		{C148726C-9555-4347-89B4-B9A514EBB02C}.Release|Any CPU.ActiveCfg = Release|Any CPU
		{C148726C-9555-4347-89B4-B9A514EBB02C}.Release|Any CPU.Build.0 = Release|Any CPU
		{13A0F4C9-69EC-4B8E-A00F-7BAE23CC16E7}.Debug|Any CPU.ActiveCfg = Debug|Any CPU
		{13A0F4C9-69EC-4B8E-A00F-7BAE23CC16E7}.Debug|Any CPU.Build.0 = Debug|Any CPU
		{13A0F4C9-69EC-4B8E-A00F-7BAE23CC16E7}.Release|Any CPU.ActiveCfg = Release|Any CPU
		{13A0F4C9-69EC-4B8E-A00F-7BAE23CC16E7}.Release|Any CPU.Build.0 = Release|Any CPU
		{25813AAC-F0B3-4591-AA99-67983394623B}.Debug|Any CPU.ActiveCfg = Debug|Any CPU
		{25813AAC-F0B3-4591-AA99-67983394623B}.Debug|Any CPU.Build.0 = Debug|Any CPU
		{25813AAC-F0B3-4591-AA99-67983394623B}.Release|Any CPU.ActiveCfg = Release|Any CPU
		{25813AAC-F0B3-4591-AA99-67983394623B}.Release|Any CPU.Build.0 = Release|Any CPU
		{480D89E0-4334-4903-82CD-1B8ADF09D019}.Debug|Any CPU.ActiveCfg = Debug|Any CPU
		{480D89E0-4334-4903-82CD-1B8ADF09D019}.Debug|Any CPU.Build.0 = Debug|Any CPU
		{480D89E0-4334-4903-82CD-1B8ADF09D019}.Release|Any CPU.ActiveCfg = Release|Any CPU
		{480D89E0-4334-4903-82CD-1B8ADF09D019}.Release|Any CPU.Build.0 = Release|Any CPU
		{105B1BBB-4114-4D86-812E-EFFBB6E47CE5}.Debug|Any CPU.ActiveCfg = Debug|Any CPU
		{105B1BBB-4114-4D86-812E-EFFBB6E47CE5}.Debug|Any CPU.Build.0 = Debug|Any CPU
		{105B1BBB-4114-4D86-812E-EFFBB6E47CE5}.Release|Any CPU.ActiveCfg = Release|Any CPU
		{105B1BBB-4114-4D86-812E-EFFBB6E47CE5}.Release|Any CPU.Build.0 = Release|Any CPU
		{690F1C8C-A702-472D-9B72-7280F41D4B47}.Debug|Any CPU.ActiveCfg = Debug|Any CPU
		{690F1C8C-A702-472D-9B72-7280F41D4B47}.Debug|Any CPU.Build.0 = Debug|Any CPU
		{690F1C8C-A702-472D-9B72-7280F41D4B47}.Release|Any CPU.ActiveCfg = Release|Any CPU
		{690F1C8C-A702-472D-9B72-7280F41D4B47}.Release|Any CPU.Build.0 = Release|Any CPU
		{6BF4EC9F-FB9E-4898-81F7-B392BF83D2B0}.Debug|Any CPU.ActiveCfg = Debug|Any CPU
		{6BF4EC9F-FB9E-4898-81F7-B392BF83D2B0}.Debug|Any CPU.Build.0 = Debug|Any CPU
		{6BF4EC9F-FB9E-4898-81F7-B392BF83D2B0}.Release|Any CPU.ActiveCfg = Release|Any CPU
		{6BF4EC9F-FB9E-4898-81F7-B392BF83D2B0}.Release|Any CPU.Build.0 = Release|Any CPU
		{CB170908-F770-4554-A974-9653562F1042}.Debug|Any CPU.ActiveCfg = Debug|Any CPU
		{CB170908-F770-4554-A974-9653562F1042}.Debug|Any CPU.Build.0 = Debug|Any CPU
		{CB170908-F770-4554-A974-9653562F1042}.Release|Any CPU.ActiveCfg = Release|Any CPU
		{CB170908-F770-4554-A974-9653562F1042}.Release|Any CPU.Build.0 = Release|Any CPU
		{3ED92849-4103-4AEF-B406-FF856C134C4B}.Debug|Any CPU.ActiveCfg = Debug|Any CPU
		{3ED92849-4103-4AEF-B406-FF856C134C4B}.Debug|Any CPU.Build.0 = Debug|Any CPU
		{3ED92849-4103-4AEF-B406-FF856C134C4B}.Release|Any CPU.ActiveCfg = Release|Any CPU
		{3ED92849-4103-4AEF-B406-FF856C134C4B}.Release|Any CPU.Build.0 = Release|Any CPU
		{D4B8939E-9684-4237-861C-2288EB5DD4E8}.Debug|Any CPU.ActiveCfg = Debug|Any CPU
		{D4B8939E-9684-4237-861C-2288EB5DD4E8}.Debug|Any CPU.Build.0 = Debug|Any CPU
		{D4B8939E-9684-4237-861C-2288EB5DD4E8}.Release|Any CPU.ActiveCfg = Release|Any CPU
		{D4B8939E-9684-4237-861C-2288EB5DD4E8}.Release|Any CPU.Build.0 = Release|Any CPU
		{D05BF033-DA2C-463C-BB98-64D28E1A4A75}.Debug|Any CPU.ActiveCfg = Debug|Any CPU
		{D05BF033-DA2C-463C-BB98-64D28E1A4A75}.Debug|Any CPU.Build.0 = Debug|Any CPU
		{D05BF033-DA2C-463C-BB98-64D28E1A4A75}.Release|Any CPU.ActiveCfg = Release|Any CPU
		{D05BF033-DA2C-463C-BB98-64D28E1A4A75}.Release|Any CPU.Build.0 = Release|Any CPU
		{0083B713-6399-479D-AA06-58D3E87F167D}.Debug|Any CPU.ActiveCfg = Debug|Any CPU
		{0083B713-6399-479D-AA06-58D3E87F167D}.Debug|Any CPU.Build.0 = Debug|Any CPU
		{0083B713-6399-479D-AA06-58D3E87F167D}.Release|Any CPU.ActiveCfg = Release|Any CPU
		{0083B713-6399-479D-AA06-58D3E87F167D}.Release|Any CPU.Build.0 = Release|Any CPU
		{5B48AEA8-5702-45A8-9D89-CEB986E6DBC1}.Debug|Any CPU.ActiveCfg = Debug|Any CPU
		{5B48AEA8-5702-45A8-9D89-CEB986E6DBC1}.Debug|Any CPU.Build.0 = Debug|Any CPU
		{5B48AEA8-5702-45A8-9D89-CEB986E6DBC1}.Release|Any CPU.ActiveCfg = Release|Any CPU
		{5B48AEA8-5702-45A8-9D89-CEB986E6DBC1}.Release|Any CPU.Build.0 = Release|Any CPU
		{101ABE51-390D-41DF-A70B-2BD3B08B2CC7}.Debug|Any CPU.ActiveCfg = Debug|Any CPU
		{101ABE51-390D-41DF-A70B-2BD3B08B2CC7}.Debug|Any CPU.Build.0 = Debug|Any CPU
		{101ABE51-390D-41DF-A70B-2BD3B08B2CC7}.Release|Any CPU.ActiveCfg = Release|Any CPU
		{101ABE51-390D-41DF-A70B-2BD3B08B2CC7}.Release|Any CPU.Build.0 = Release|Any CPU
		{A612EC01-6595-4EA6-B0EF-FF00E4FB331D}.Debug|Any CPU.ActiveCfg = Debug|Any CPU
		{A612EC01-6595-4EA6-B0EF-FF00E4FB331D}.Debug|Any CPU.Build.0 = Debug|Any CPU
		{A612EC01-6595-4EA6-B0EF-FF00E4FB331D}.Release|Any CPU.ActiveCfg = Release|Any CPU
		{A612EC01-6595-4EA6-B0EF-FF00E4FB331D}.Release|Any CPU.Build.0 = Release|Any CPU
		{11A53C8D-A49B-4477-BFD9-E00C77D1291C}.Debug|Any CPU.ActiveCfg = Debug|Any CPU
		{11A53C8D-A49B-4477-BFD9-E00C77D1291C}.Debug|Any CPU.Build.0 = Debug|Any CPU
		{11A53C8D-A49B-4477-BFD9-E00C77D1291C}.Release|Any CPU.ActiveCfg = Release|Any CPU
		{11A53C8D-A49B-4477-BFD9-E00C77D1291C}.Release|Any CPU.Build.0 = Release|Any CPU
		{A6348510-7948-46B1-A2C4-396B8C55440C}.Debug|Any CPU.ActiveCfg = Debug|Any CPU
		{A6348510-7948-46B1-A2C4-396B8C55440C}.Debug|Any CPU.Build.0 = Debug|Any CPU
		{A6348510-7948-46B1-A2C4-396B8C55440C}.Release|Any CPU.ActiveCfg = Release|Any CPU
		{A6348510-7948-46B1-A2C4-396B8C55440C}.Release|Any CPU.Build.0 = Release|Any CPU
		{F93EFEFF-FD1F-48F1-A0F1-BBE87205129E}.Debug|Any CPU.ActiveCfg = Debug|Any CPU
		{F93EFEFF-FD1F-48F1-A0F1-BBE87205129E}.Debug|Any CPU.Build.0 = Debug|Any CPU
		{F93EFEFF-FD1F-48F1-A0F1-BBE87205129E}.Release|Any CPU.ActiveCfg = Release|Any CPU
		{F93EFEFF-FD1F-48F1-A0F1-BBE87205129E}.Release|Any CPU.Build.0 = Release|Any CPU
		{E104E093-3562-4F07-B138-821A428DE267}.Debug|Any CPU.ActiveCfg = Debug|Any CPU
		{E104E093-3562-4F07-B138-821A428DE267}.Debug|Any CPU.Build.0 = Debug|Any CPU
		{E104E093-3562-4F07-B138-821A428DE267}.Release|Any CPU.ActiveCfg = Release|Any CPU
		{E104E093-3562-4F07-B138-821A428DE267}.Release|Any CPU.Build.0 = Release|Any CPU
		{32827626-2128-49A0-A2A9-2F5076AADDAD}.Debug|Any CPU.ActiveCfg = Debug|Any CPU
		{32827626-2128-49A0-A2A9-2F5076AADDAD}.Debug|Any CPU.Build.0 = Debug|Any CPU
		{32827626-2128-49A0-A2A9-2F5076AADDAD}.Release|Any CPU.ActiveCfg = Release|Any CPU
		{32827626-2128-49A0-A2A9-2F5076AADDAD}.Release|Any CPU.Build.0 = Release|Any CPU
		{EAC0F95B-B43A-49EB-A6DF-D0353DAD4593}.Debug|Any CPU.ActiveCfg = Debug|Any CPU
		{EAC0F95B-B43A-49EB-A6DF-D0353DAD4593}.Debug|Any CPU.Build.0 = Debug|Any CPU
		{EAC0F95B-B43A-49EB-A6DF-D0353DAD4593}.Release|Any CPU.ActiveCfg = Release|Any CPU
		{EAC0F95B-B43A-49EB-A6DF-D0353DAD4593}.Release|Any CPU.Build.0 = Release|Any CPU
		{8C9EA16D-6055-421B-ABE7-1B0E35259DFC}.Debug|Any CPU.ActiveCfg = Debug|Any CPU
		{8C9EA16D-6055-421B-ABE7-1B0E35259DFC}.Debug|Any CPU.Build.0 = Debug|Any CPU
		{8C9EA16D-6055-421B-ABE7-1B0E35259DFC}.Release|Any CPU.ActiveCfg = Release|Any CPU
		{8C9EA16D-6055-421B-ABE7-1B0E35259DFC}.Release|Any CPU.Build.0 = Release|Any CPU
		{CB38FA21-5814-4573-94C7-3672D61BC8B8}.Debug|Any CPU.ActiveCfg = Debug|Any CPU
		{CB38FA21-5814-4573-94C7-3672D61BC8B8}.Debug|Any CPU.Build.0 = Debug|Any CPU
		{CB38FA21-5814-4573-94C7-3672D61BC8B8}.Release|Any CPU.ActiveCfg = Release|Any CPU
		{CB38FA21-5814-4573-94C7-3672D61BC8B8}.Release|Any CPU.Build.0 = Release|Any CPU
		{2810A66B-3A03-4889-A4D0-0E8838474A4A}.Debug|Any CPU.ActiveCfg = Debug|Any CPU
		{2810A66B-3A03-4889-A4D0-0E8838474A4A}.Debug|Any CPU.Build.0 = Debug|Any CPU
		{2810A66B-3A03-4889-A4D0-0E8838474A4A}.Release|Any CPU.ActiveCfg = Release|Any CPU
		{2810A66B-3A03-4889-A4D0-0E8838474A4A}.Release|Any CPU.Build.0 = Release|Any CPU
		{74BFF877-D276-43BF-AC3A-E65BF26E4E2F}.Debug|Any CPU.ActiveCfg = Debug|Any CPU
		{74BFF877-D276-43BF-AC3A-E65BF26E4E2F}.Debug|Any CPU.Build.0 = Debug|Any CPU
		{74BFF877-D276-43BF-AC3A-E65BF26E4E2F}.Release|Any CPU.ActiveCfg = Release|Any CPU
		{74BFF877-D276-43BF-AC3A-E65BF26E4E2F}.Release|Any CPU.Build.0 = Release|Any CPU
		{51CAD9E3-B5AE-4787-915E-7FA096CF783F}.Debug|Any CPU.ActiveCfg = Debug|Any CPU
		{51CAD9E3-B5AE-4787-915E-7FA096CF783F}.Debug|Any CPU.Build.0 = Debug|Any CPU
		{51CAD9E3-B5AE-4787-915E-7FA096CF783F}.Release|Any CPU.ActiveCfg = Release|Any CPU
		{51CAD9E3-B5AE-4787-915E-7FA096CF783F}.Release|Any CPU.Build.0 = Release|Any CPU
		{997B1047-4361-4E6D-9850-F130EC188141}.Debug|Any CPU.ActiveCfg = Debug|Any CPU
		{997B1047-4361-4E6D-9850-F130EC188141}.Debug|Any CPU.Build.0 = Debug|Any CPU
		{997B1047-4361-4E6D-9850-F130EC188141}.Release|Any CPU.ActiveCfg = Release|Any CPU
		{997B1047-4361-4E6D-9850-F130EC188141}.Release|Any CPU.Build.0 = Release|Any CPU
		{0AD1E5D6-AC23-47C1-97BF-227007021B6F}.Debug|Any CPU.ActiveCfg = Debug|Any CPU
		{0AD1E5D6-AC23-47C1-97BF-227007021B6F}.Debug|Any CPU.Build.0 = Debug|Any CPU
		{0AD1E5D6-AC23-47C1-97BF-227007021B6F}.Release|Any CPU.ActiveCfg = Release|Any CPU
		{0AD1E5D6-AC23-47C1-97BF-227007021B6F}.Release|Any CPU.Build.0 = Release|Any CPU
		{AD96AA48-2E1A-4BBB-9329-E1E484172FE3}.Debug|Any CPU.ActiveCfg = Debug|Any CPU
		{AD96AA48-2E1A-4BBB-9329-E1E484172FE3}.Debug|Any CPU.Build.0 = Debug|Any CPU
		{AD96AA48-2E1A-4BBB-9329-E1E484172FE3}.Release|Any CPU.ActiveCfg = Release|Any CPU
		{AD96AA48-2E1A-4BBB-9329-E1E484172FE3}.Release|Any CPU.Build.0 = Release|Any CPU
		{0E743512-2FE4-40AD-935A-17B40ACF82C1}.Debug|Any CPU.ActiveCfg = Debug|Any CPU
		{0E743512-2FE4-40AD-935A-17B40ACF82C1}.Debug|Any CPU.Build.0 = Debug|Any CPU
		{0E743512-2FE4-40AD-935A-17B40ACF82C1}.Release|Any CPU.ActiveCfg = Release|Any CPU
		{0E743512-2FE4-40AD-935A-17B40ACF82C1}.Release|Any CPU.Build.0 = Release|Any CPU
		{0046EAB1-FA73-4D7A-A7CD-936E943F775E}.Debug|Any CPU.ActiveCfg = Debug|Any CPU
		{0046EAB1-FA73-4D7A-A7CD-936E943F775E}.Debug|Any CPU.Build.0 = Debug|Any CPU
		{0046EAB1-FA73-4D7A-A7CD-936E943F775E}.Release|Any CPU.ActiveCfg = Release|Any CPU
		{0046EAB1-FA73-4D7A-A7CD-936E943F775E}.Release|Any CPU.Build.0 = Release|Any CPU
		{61934DD2-CFBB-48E1-947C-75E8F736734C}.Debug|Any CPU.ActiveCfg = Debug|Any CPU
		{61934DD2-CFBB-48E1-947C-75E8F736734C}.Debug|Any CPU.Build.0 = Debug|Any CPU
		{61934DD2-CFBB-48E1-947C-75E8F736734C}.Release|Any CPU.ActiveCfg = Release|Any CPU
		{61934DD2-CFBB-48E1-947C-75E8F736734C}.Release|Any CPU.Build.0 = Release|Any CPU
		{39FD7632-73D0-4BB3-AE99-DC7B8B251E29}.Debug|Any CPU.ActiveCfg = Debug|Any CPU
		{39FD7632-73D0-4BB3-AE99-DC7B8B251E29}.Debug|Any CPU.Build.0 = Debug|Any CPU
		{39FD7632-73D0-4BB3-AE99-DC7B8B251E29}.Release|Any CPU.ActiveCfg = Release|Any CPU
		{39FD7632-73D0-4BB3-AE99-DC7B8B251E29}.Release|Any CPU.Build.0 = Release|Any CPU
		{10E47FE4-8620-4933-A14D-E33F25CA557A}.Debug|Any CPU.ActiveCfg = Debug|Any CPU
		{10E47FE4-8620-4933-A14D-E33F25CA557A}.Debug|Any CPU.Build.0 = Debug|Any CPU
		{10E47FE4-8620-4933-A14D-E33F25CA557A}.Release|Any CPU.ActiveCfg = Release|Any CPU
		{10E47FE4-8620-4933-A14D-E33F25CA557A}.Release|Any CPU.Build.0 = Release|Any CPU
		{AA6BA0B8-D61E-49E7-BC1B-19410E25F005}.Debug|Any CPU.ActiveCfg = Debug|Any CPU
		{AA6BA0B8-D61E-49E7-BC1B-19410E25F005}.Debug|Any CPU.Build.0 = Debug|Any CPU
		{AA6BA0B8-D61E-49E7-BC1B-19410E25F005}.Release|Any CPU.ActiveCfg = Release|Any CPU
		{AA6BA0B8-D61E-49E7-BC1B-19410E25F005}.Release|Any CPU.Build.0 = Release|Any CPU
		{44E9D925-B61D-4234-97B7-61424C963BA6}.Debug|Any CPU.ActiveCfg = Debug|Any CPU
		{44E9D925-B61D-4234-97B7-61424C963BA6}.Debug|Any CPU.Build.0 = Debug|Any CPU
		{44E9D925-B61D-4234-97B7-61424C963BA6}.Release|Any CPU.ActiveCfg = Release|Any CPU
		{44E9D925-B61D-4234-97B7-61424C963BA6}.Release|Any CPU.Build.0 = Release|Any CPU
		{E88231E0-B249-49AE-B764-DB6C9615F6CA}.Debug|Any CPU.ActiveCfg = Debug|Any CPU
		{E88231E0-B249-49AE-B764-DB6C9615F6CA}.Debug|Any CPU.Build.0 = Debug|Any CPU
		{E88231E0-B249-49AE-B764-DB6C9615F6CA}.Release|Any CPU.ActiveCfg = Release|Any CPU
		{E88231E0-B249-49AE-B764-DB6C9615F6CA}.Release|Any CPU.Build.0 = Release|Any CPU
		{9736E38B-B67F-42BD-882E-CE9C8AEE1BC4}.Debug|Any CPU.ActiveCfg = Debug|Any CPU
		{9736E38B-B67F-42BD-882E-CE9C8AEE1BC4}.Debug|Any CPU.Build.0 = Debug|Any CPU
		{9736E38B-B67F-42BD-882E-CE9C8AEE1BC4}.Release|Any CPU.ActiveCfg = Release|Any CPU
		{9736E38B-B67F-42BD-882E-CE9C8AEE1BC4}.Release|Any CPU.Build.0 = Release|Any CPU
		{3D322CAB-0DDD-4C84-B3ED-0862F244AF5C}.Debug|Any CPU.ActiveCfg = Debug|Any CPU
		{3D322CAB-0DDD-4C84-B3ED-0862F244AF5C}.Debug|Any CPU.Build.0 = Debug|Any CPU
		{3D322CAB-0DDD-4C84-B3ED-0862F244AF5C}.Release|Any CPU.ActiveCfg = Release|Any CPU
		{3D322CAB-0DDD-4C84-B3ED-0862F244AF5C}.Release|Any CPU.Build.0 = Release|Any CPU
		{D76F2C74-3D7F-4DB3-BA1A-F2EA14749253}.Debug|Any CPU.ActiveCfg = Debug|Any CPU
		{D76F2C74-3D7F-4DB3-BA1A-F2EA14749253}.Debug|Any CPU.Build.0 = Debug|Any CPU
		{D76F2C74-3D7F-4DB3-BA1A-F2EA14749253}.Release|Any CPU.ActiveCfg = Release|Any CPU
		{D76F2C74-3D7F-4DB3-BA1A-F2EA14749253}.Release|Any CPU.Build.0 = Release|Any CPU
		{ADA9AF37-A8C1-47E6-BBBD-5C7E49C26C0E}.Debug|Any CPU.ActiveCfg = Debug|Any CPU
		{ADA9AF37-A8C1-47E6-BBBD-5C7E49C26C0E}.Debug|Any CPU.Build.0 = Debug|Any CPU
		{ADA9AF37-A8C1-47E6-BBBD-5C7E49C26C0E}.Release|Any CPU.ActiveCfg = Release|Any CPU
		{ADA9AF37-A8C1-47E6-BBBD-5C7E49C26C0E}.Release|Any CPU.Build.0 = Release|Any CPU
		{3C617909-D61F-4AA8-B11C-4C9ECC865D75}.Debug|Any CPU.ActiveCfg = Debug|Any CPU
		{3C617909-D61F-4AA8-B11C-4C9ECC865D75}.Debug|Any CPU.Build.0 = Debug|Any CPU
		{3C617909-D61F-4AA8-B11C-4C9ECC865D75}.Release|Any CPU.ActiveCfg = Release|Any CPU
		{3C617909-D61F-4AA8-B11C-4C9ECC865D75}.Release|Any CPU.Build.0 = Release|Any CPU
		{2D956162-04BE-402E-9487-AE785AA14DE4}.Debug|Any CPU.ActiveCfg = Debug|Any CPU
		{2D956162-04BE-402E-9487-AE785AA14DE4}.Debug|Any CPU.Build.0 = Debug|Any CPU
		{2D956162-04BE-402E-9487-AE785AA14DE4}.Release|Any CPU.ActiveCfg = Release|Any CPU
		{2D956162-04BE-402E-9487-AE785AA14DE4}.Release|Any CPU.Build.0 = Release|Any CPU
		{02908C6F-FBDF-4949-B039-0F4632265B90}.Debug|Any CPU.ActiveCfg = Debug|Any CPU
		{02908C6F-FBDF-4949-B039-0F4632265B90}.Debug|Any CPU.Build.0 = Debug|Any CPU
		{02908C6F-FBDF-4949-B039-0F4632265B90}.Release|Any CPU.ActiveCfg = Release|Any CPU
		{02908C6F-FBDF-4949-B039-0F4632265B90}.Release|Any CPU.Build.0 = Release|Any CPU
		{2FFBE745-B7D5-4E44-B76D-88A0C2402FEB}.Debug|Any CPU.ActiveCfg = Debug|Any CPU
		{2FFBE745-B7D5-4E44-B76D-88A0C2402FEB}.Debug|Any CPU.Build.0 = Debug|Any CPU
		{2FFBE745-B7D5-4E44-B76D-88A0C2402FEB}.Release|Any CPU.ActiveCfg = Release|Any CPU
		{2FFBE745-B7D5-4E44-B76D-88A0C2402FEB}.Release|Any CPU.Build.0 = Release|Any CPU
		{C1BB30D2-3237-4CFC-BA93-627471148EC2}.Debug|Any CPU.ActiveCfg = Debug|Any CPU
		{C1BB30D2-3237-4CFC-BA93-627471148EC2}.Debug|Any CPU.Build.0 = Debug|Any CPU
		{C1BB30D2-3237-4CFC-BA93-627471148EC2}.Release|Any CPU.ActiveCfg = Release|Any CPU
		{C1BB30D2-3237-4CFC-BA93-627471148EC2}.Release|Any CPU.Build.0 = Release|Any CPU
		{982A26C7-A5D1-4783-A7F8-F2B28AA2459E}.Debug|Any CPU.ActiveCfg = Debug|Any CPU
		{982A26C7-A5D1-4783-A7F8-F2B28AA2459E}.Debug|Any CPU.Build.0 = Debug|Any CPU
		{982A26C7-A5D1-4783-A7F8-F2B28AA2459E}.Release|Any CPU.ActiveCfg = Release|Any CPU
		{982A26C7-A5D1-4783-A7F8-F2B28AA2459E}.Release|Any CPU.Build.0 = Release|Any CPU
		{8AB1CBD7-2D08-492F-9C09-3E754364046C}.Debug|Any CPU.ActiveCfg = Debug|Any CPU
		{8AB1CBD7-2D08-492F-9C09-3E754364046C}.Debug|Any CPU.Build.0 = Debug|Any CPU
		{8AB1CBD7-2D08-492F-9C09-3E754364046C}.Release|Any CPU.ActiveCfg = Release|Any CPU
		{8AB1CBD7-2D08-492F-9C09-3E754364046C}.Release|Any CPU.Build.0 = Release|Any CPU
	EndGlobalSection
	GlobalSection(SolutionProperties) = preSolution
		HideSolutionNode = FALSE
	EndGlobalSection
	GlobalSection(NestedProjects) = preSolution
		{51F5E824-CAE2-4EF4-9131-13256BFD28B6} = {AAB54E74-20B1-42ED-BC3D-CE9F7BC7FD12}
		{201AC4EB-48D8-4E4A-A336-BB16DD630A19} = {AAB54E74-20B1-42ED-BC3D-CE9F7BC7FD12}
		{C148726C-9555-4347-89B4-B9A514EBB02C} = {1DE4EE60-45BA-4EF7-BE00-B9EB861E4C69}
		{13A0F4C9-69EC-4B8E-A00F-7BAE23CC16E7} = {AAB54E74-20B1-42ED-BC3D-CE9F7BC7FD12}
		{25813AAC-F0B3-4591-AA99-67983394623B} = {AAB54E74-20B1-42ED-BC3D-CE9F7BC7FD12}
		{480D89E0-4334-4903-82CD-1B8ADF09D019} = {AAB54E74-20B1-42ED-BC3D-CE9F7BC7FD12}
		{105B1BBB-4114-4D86-812E-EFFBB6E47CE5} = {AAB54E74-20B1-42ED-BC3D-CE9F7BC7FD12}
		{690F1C8C-A702-472D-9B72-7280F41D4B47} = {AAB54E74-20B1-42ED-BC3D-CE9F7BC7FD12}
		{6BF4EC9F-FB9E-4898-81F7-B392BF83D2B0} = {AAB54E74-20B1-42ED-BC3D-CE9F7BC7FD12}
		{CB170908-F770-4554-A974-9653562F1042} = {AAB54E74-20B1-42ED-BC3D-CE9F7BC7FD12}
		{3ED92849-4103-4AEF-B406-FF856C134C4B} = {AAB54E74-20B1-42ED-BC3D-CE9F7BC7FD12}
		{D4B8939E-9684-4237-861C-2288EB5DD4E8} = {AAB54E74-20B1-42ED-BC3D-CE9F7BC7FD12}
		{D05BF033-DA2C-463C-BB98-64D28E1A4A75} = {AAB54E74-20B1-42ED-BC3D-CE9F7BC7FD12}
		{0083B713-6399-479D-AA06-58D3E87F167D} = {AAB54E74-20B1-42ED-BC3D-CE9F7BC7FD12}
		{5B48AEA8-5702-45A8-9D89-CEB986E6DBC1} = {1DE4EE60-45BA-4EF7-BE00-B9EB861E4C69}
		{101ABE51-390D-41DF-A70B-2BD3B08B2CC7} = {1DE4EE60-45BA-4EF7-BE00-B9EB861E4C69}
		{A612EC01-6595-4EA6-B0EF-FF00E4FB331D} = {1DE4EE60-45BA-4EF7-BE00-B9EB861E4C69}
		{11A53C8D-A49B-4477-BFD9-E00C77D1291C} = {1DE4EE60-45BA-4EF7-BE00-B9EB861E4C69}
		{A6348510-7948-46B1-A2C4-396B8C55440C} = {AAB54E74-20B1-42ED-BC3D-CE9F7BC7FD12}
		{F93EFEFF-FD1F-48F1-A0F1-BBE87205129E} = {AAB54E74-20B1-42ED-BC3D-CE9F7BC7FD12}
		{E104E093-3562-4F07-B138-821A428DE267} = {AAB54E74-20B1-42ED-BC3D-CE9F7BC7FD12}
		{32827626-2128-49A0-A2A9-2F5076AADDAD} = {AAB54E74-20B1-42ED-BC3D-CE9F7BC7FD12}
		{EAC0F95B-B43A-49EB-A6DF-D0353DAD4593} = {AAB54E74-20B1-42ED-BC3D-CE9F7BC7FD12}
		{BB021F02-D90F-469C-8D56-919771B7F4DE} = {1DE4EE60-45BA-4EF7-BE00-B9EB861E4C69}
		{8C9EA16D-6055-421B-ABE7-1B0E35259DFC} = {BB021F02-D90F-469C-8D56-919771B7F4DE}
		{CB38FA21-5814-4573-94C7-3672D61BC8B8} = {BB021F02-D90F-469C-8D56-919771B7F4DE}
		{2810A66B-3A03-4889-A4D0-0E8838474A4A} = {BB021F02-D90F-469C-8D56-919771B7F4DE}
		{74BFF877-D276-43BF-AC3A-E65BF26E4E2F} = {AAB54E74-20B1-42ED-BC3D-CE9F7BC7FD12}
		{51CAD9E3-B5AE-4787-915E-7FA096CF783F} = {AAB54E74-20B1-42ED-BC3D-CE9F7BC7FD12}
		{ADEC039D-0C34-4DA7-802B-6204FFE3F1F5} = {1DE4EE60-45BA-4EF7-BE00-B9EB861E4C69}
		{997B1047-4361-4E6D-9850-F130EC188141} = {1DE4EE60-45BA-4EF7-BE00-B9EB861E4C69}
		{0AD1E5D6-AC23-47C1-97BF-227007021B6F} = {ADEC039D-0C34-4DA7-802B-6204FFE3F1F5}
		{AD96AA48-2E1A-4BBB-9329-E1E484172FE3} = {AAB54E74-20B1-42ED-BC3D-CE9F7BC7FD12}
		{0E743512-2FE4-40AD-935A-17B40ACF82C1} = {AAB54E74-20B1-42ED-BC3D-CE9F7BC7FD12}
		{0046EAB1-FA73-4D7A-A7CD-936E943F775E} = {AAB54E74-20B1-42ED-BC3D-CE9F7BC7FD12}
		{B5BD0336-7D08-492C-8489-42C987E29B39} = {1DE4EE60-45BA-4EF7-BE00-B9EB861E4C69}
		{61934DD2-CFBB-48E1-947C-75E8F736734C} = {B5BD0336-7D08-492C-8489-42C987E29B39}
		{39FD7632-73D0-4BB3-AE99-DC7B8B251E29} = {B5BD0336-7D08-492C-8489-42C987E29B39}
		{10E47FE4-8620-4933-A14D-E33F25CA557A} = {B5BD0336-7D08-492C-8489-42C987E29B39}
		{AA6BA0B8-D61E-49E7-BC1B-19410E25F005} = {AAB54E74-20B1-42ED-BC3D-CE9F7BC7FD12}
		{A2CB78BB-E54F-48CA-BBFB-9553D27EF23D} = {1DE4EE60-45BA-4EF7-BE00-B9EB861E4C69}
		{44E9D925-B61D-4234-97B7-61424C963BA6} = {1DE4EE60-45BA-4EF7-BE00-B9EB861E4C69}
		{E88231E0-B249-49AE-B764-DB6C9615F6CA} = {B5BD0336-7D08-492C-8489-42C987E29B39}
		{9736E38B-B67F-42BD-882E-CE9C8AEE1BC4} = {B5BD0336-7D08-492C-8489-42C987E29B39}
		{3D322CAB-0DDD-4C84-B3ED-0862F244AF5C} = {1DE4EE60-45BA-4EF7-BE00-B9EB861E4C69}
		{D76F2C74-3D7F-4DB3-BA1A-F2EA14749253} = {1DE4EE60-45BA-4EF7-BE00-B9EB861E4C69}
		{ADA9AF37-A8C1-47E6-BBBD-5C7E49C26C0E} = {AAB54E74-20B1-42ED-BC3D-CE9F7BC7FD12}
		{3C617909-D61F-4AA8-B11C-4C9ECC865D75} = {AAB54E74-20B1-42ED-BC3D-CE9F7BC7FD12}
		{2D956162-04BE-402E-9487-AE785AA14DE4} = {1DE4EE60-45BA-4EF7-BE00-B9EB861E4C69}
		{02908C6F-FBDF-4949-B039-0F4632265B90} = {AAB54E74-20B1-42ED-BC3D-CE9F7BC7FD12}
		{2FFBE745-B7D5-4E44-B76D-88A0C2402FEB} = {B5BD0336-7D08-492C-8489-42C987E29B39}
		{C1BB30D2-3237-4CFC-BA93-627471148EC2} = {1DE4EE60-45BA-4EF7-BE00-B9EB861E4C69}
		{982A26C7-A5D1-4783-A7F8-F2B28AA2459E} = {AAB54E74-20B1-42ED-BC3D-CE9F7BC7FD12}
		{8AB1CBD7-2D08-492F-9C09-3E754364046C} = {1DE4EE60-45BA-4EF7-BE00-B9EB861E4C69}
	EndGlobalSection
	GlobalSection(ExtensibilityGlobals) = postSolution
		SolutionGuid = {503678A4-B8D1-4486-8915-405A3E9CF0EB}
	EndGlobalSection
EndGlobal
