<Solution>
  <Folder Name="/src/">
    <Project Path="src\Amazon.Lambda.TestTool\Amazon.Lambda.TestTool.csproj" />
  </Folder>
  <Folder Name="/tests/">
    <Project Path="tests\Amazon.Lambda.TestTool.UnitTests\Amazon.Lambda.TestTool.UnitTests.csproj" />
    <Project Path="tests\Amazon.Lambda.TestTool.IntegrationTests\Amazon.Lambda.TestTool.IntegrationTests.csproj" />
  </Folder>
</Solution>