
Microsoft Visual Studio Solution File, Format Version 12.00
# Visual Studio Version 17
VisualStudioVersion = 17.0.31903.59
MinimumVisualStudioVersion = 10.0.40219.1
Project("{2150E333-8FDC-42A3-9474-1A3956D46DE8}") = "src", "src", "{1C0036F2-946B-481C-AA12-9F6CF548727E}"
EndProject
Project("{2150E333-8FDC-42A3-9474-1A3956D46DE8}") = "tests", "tests", "{742C8915-E527-4EA6-959B-CB206C33C77D}"
EndProject
Project("{FAE04EC0-301F-11D3-BF4B-00C04F79EFBC}") = "Amazon.Lambda.TestTool", "src\Amazon.Lambda.TestTool\Amazon.Lambda.TestTool.csproj", "{818A8567-E1C2-42E9-9C92-4F4D3339CF6B}"
EndProject
Project("{FAE04EC0-301F-11D3-BF4B-00C04F79EFBC}") = "Amazon.Lambda.TestTool.UnitTests", "tests\Amazon.Lambda.TestTool.UnitTests\Amazon.Lambda.TestTool.UnitTests.csproj", "{3651CE4A-20FF-465F-8E60-7068C7900815}"
EndProject
Global
	GlobalSection(SolutionConfigurationPlatforms) = preSolution
		Debug|Any CPU = Debug|Any CPU
		Release|Any CPU = Release|Any CPU
	EndGlobalSection
	GlobalSection(ProjectConfigurationPlatforms) = postSolution
		{818A8567-E1C2-42E9-9C92-4F4D3339CF6B}.Debug|Any CPU.ActiveCfg = Debug|Any CPU
		{818A8567-E1C2-42E9-9C92-4F4D3339CF6B}.Debug|Any CPU.Build.0 = Debug|Any CPU
		{818A8567-E1C2-42E9-9C92-4F4D3339CF6B}.Release|Any CPU.ActiveCfg = Release|Any CPU
		{818A8567-E1C2-42E9-9C92-4F4D3339CF6B}.Release|Any CPU.Build.0 = Release|Any CPU
		{3651CE4A-20FF-465F-8E60-7068C7900815}.Debug|Any CPU.ActiveCfg = Debug|Any CPU
		{3651CE4A-20FF-465F-8E60-7068C7900815}.Debug|Any CPU.Build.0 = Debug|Any CPU
		{3651CE4A-20FF-465F-8E60-7068C7900815}.Release|Any CPU.ActiveCfg = Release|Any CPU
		{3651CE4A-20FF-465F-8E60-7068C7900815}.Release|Any CPU.Build.0 = Release|Any CPU
	EndGlobalSection
	GlobalSection(SolutionProperties) = preSolution
		HideSolutionNode = FALSE
	EndGlobalSection
	GlobalSection(NestedProjects) = preSolution
		{818A8567-E1C2-42E9-9C92-4F4D3339CF6B} = {1C0036F2-946B-481C-AA12-9F6CF548727E}
		{3651CE4A-20FF-465F-8E60-7068C7900815} = {742C8915-E527-4EA6-959B-CB206C33C77D}
	EndGlobalSection
EndGlobal
