
Microsoft Visual Studio Solution File, Format Version 12.00
# Visual Studio Version 17
VisualStudioVersion = 17.0.31903.59
MinimumVisualStudioVersion = 10.0.40219.1
Project("{2150E333-8FDC-42A3-9474-1A3956D46DE8}") = "src", "src", "{14B7DE35-92C2-421C-9445-61777B1A0128}"
EndProject
Project("{9A19103F-16F7-4668-BE54-9A1E7A4F7556}") = "Amazon.Lambda.TestTool", "src\Amazon.Lambda.TestTool\Amazon.Lambda.TestTool.csproj", "{F24CC22C-C409-4FBB-A065-9359A98E4856}"
EndProject
Project("{9A19103F-16F7-4668-BE54-9A1E7A4F7556}") = "Amazon.Lambda.TestTool.BlazorTester", "src\Amazon.Lambda.TestTool.BlazorTester\Amazon.Lambda.TestTool.BlazorTester.csproj", "{E615A185-BBB0-4A92-8C61-47F699FFDA7F}"
EndProject
Project("{2150E333-8FDC-42A3-9474-1A3956D46DE8}") = "tests", "tests", "{28C935E3-4FB4-4B09-A9DB-26A1EB04CDE0}"
EndProject
Project("{2150E333-8FDC-42A3-9474-1A3956D46DE8}") = "LambdaFunctions", "LambdaFunctions", "{BFD718DB-4526-4BED-B2B0-BB446EDFFEA1}"
EndProject
Project("{2150E333-8FDC-42A3-9474-1A3956D46DE8}") = "Solution Items", "Solution Items", "{8B0304AF-C6CF-4B62-B1B3-3F7C045B1BC4}"
	ProjectSection(SolutionItems) = preProject
		README.md = README.md
	EndProjectSection
EndProject
Project("{9A19103F-16F7-4668-BE54-9A1E7A4F7556}") = "Amazon.Lambda.TestTool.BlazorTester.Tests", "tests\Amazon.Lambda.TestTool.BlazorTester.Tests\Amazon.Lambda.TestTool.BlazorTester.Tests.csproj", "{0CA7DDC6-A1C5-467C-9CBF-8B4290D56D4A}"
EndProject
Project("{9A19103F-16F7-4668-BE54-9A1E7A4F7556}") = "Amazon.Lambda.TestTool.Tests", "tests\Amazon.Lambda.TestTool.Tests\Amazon.Lambda.TestTool.Tests.csproj", "{60B1B64E-496C-4589-9208-1448B9784051}"
EndProject
Project("{9A19103F-16F7-4668-BE54-9A1E7A4F7556}") = "SourceGeneratorExample", "tests\LambdaFunctions\SourceGeneratorExample\SourceGeneratorExample.csproj", "{968654FE-84EE-4EA3-B047-4B70D502511B}"
EndProject
Project("{9A19103F-16F7-4668-BE54-9A1E7A4F7556}") = "AspNetCoreAPIExample", "tests\LambdaFunctions\AspNetCoreAPIExample\AspNetCoreAPIExample.csproj", "{EC2F36EE-9857-4009-AB4D-1CFB079F21F9}"
EndProject
Project("{9A19103F-16F7-4668-BE54-9A1E7A4F7556}") = "FunctionSignatureExamples", "tests\LambdaFunctions\FunctionSignatureExamples\FunctionSignatureExamples.csproj", "{296E27C7-D725-4702-94DC-4A0249722585}"
EndProject
Project("{9A19103F-16F7-4668-BE54-9A1E7A4F7556}") = "S3EventFunction", "tests\LambdaFunctions\S3EventFunction\S3EventFunction.csproj", "{40098664-743E-4461-941F-B8C44D445AFB}"
EndProject
Project("{9A19103F-16F7-4668-BE54-9A1E7A4F7556}") = "ServerlessFunctionTemplateYamlExample", "tests\LambdaFunctions\ServerlessFunctionTemplateYamlExample\ServerlessFunctionTemplateYamlExample.csproj", "{38405417-3704-4150-8526-B22D41AB2FB8}"
EndProject
Project("{9A19103F-16F7-4668-BE54-9A1E7A4F7556}") = "ServerlessTemplateExample", "tests\LambdaFunctions\ServerlessTemplateExample\ServerlessTemplateExample.csproj", "{1055D389-9927-4EED-9876-4B497CB3B3C2}"
EndProject
Project("{9A19103F-16F7-4668-BE54-9A1E7A4F7556}") = "ServerlessTemplateYamlExample", "tests\LambdaFunctions\ServerlessTemplateYamlExample\ServerlessTemplateYamlExample.csproj", "{13B8F61E-5E34-46CD-B76F-A92D9DCF6946}"
EndProject
Project("{9A19103F-16F7-4668-BE54-9A1E7A4F7556}") = "ToUpperFunc", "tests\LambdaFunctions\ToUpperFunc\ToUpperFunc.csproj", "{7BBBAB9A-1630-4B15-AEB8-FA90BBDC165C}"
EndProject
Global
	GlobalSection(SolutionConfigurationPlatforms) = preSolution
		Debug|Any CPU = Debug|Any CPU
		Release|Any CPU = Release|Any CPU
	EndGlobalSection
	GlobalSection(ProjectConfigurationPlatforms) = postSolution
		{F24CC22C-C409-4FBB-A065-9359A98E4856}.Debug|Any CPU.ActiveCfg = Debug|Any CPU
		{F24CC22C-C409-4FBB-A065-9359A98E4856}.Debug|Any CPU.Build.0 = Debug|Any CPU
		{F24CC22C-C409-4FBB-A065-9359A98E4856}.Release|Any CPU.ActiveCfg = Release|Any CPU
		{F24CC22C-C409-4FBB-A065-9359A98E4856}.Release|Any CPU.Build.0 = Release|Any CPU
		{E615A185-BBB0-4A92-8C61-47F699FFDA7F}.Debug|Any CPU.ActiveCfg = Debug|Any CPU
		{E615A185-BBB0-4A92-8C61-47F699FFDA7F}.Debug|Any CPU.Build.0 = Debug|Any CPU
		{E615A185-BBB0-4A92-8C61-47F699FFDA7F}.Release|Any CPU.ActiveCfg = Release|Any CPU
		{E615A185-BBB0-4A92-8C61-47F699FFDA7F}.Release|Any CPU.Build.0 = Release|Any CPU
		{0CA7DDC6-A1C5-467C-9CBF-8B4290D56D4A}.Debug|Any CPU.ActiveCfg = Debug|Any CPU
		{0CA7DDC6-A1C5-467C-9CBF-8B4290D56D4A}.Debug|Any CPU.Build.0 = Debug|Any CPU
		{0CA7DDC6-A1C5-467C-9CBF-8B4290D56D4A}.Release|Any CPU.ActiveCfg = Release|Any CPU
		{0CA7DDC6-A1C5-467C-9CBF-8B4290D56D4A}.Release|Any CPU.Build.0 = Release|Any CPU
		{60B1B64E-496C-4589-9208-1448B9784051}.Debug|Any CPU.ActiveCfg = Debug|Any CPU
		{60B1B64E-496C-4589-9208-1448B9784051}.Debug|Any CPU.Build.0 = Debug|Any CPU
		{60B1B64E-496C-4589-9208-1448B9784051}.Release|Any CPU.ActiveCfg = Release|Any CPU
		{60B1B64E-496C-4589-9208-1448B9784051}.Release|Any CPU.Build.0 = Release|Any CPU
		{968654FE-84EE-4EA3-B047-4B70D502511B}.Debug|Any CPU.ActiveCfg = Debug|Any CPU
		{968654FE-84EE-4EA3-B047-4B70D502511B}.Debug|Any CPU.Build.0 = Debug|Any CPU
		{968654FE-84EE-4EA3-B047-4B70D502511B}.Release|Any CPU.ActiveCfg = Release|Any CPU
		{968654FE-84EE-4EA3-B047-4B70D502511B}.Release|Any CPU.Build.0 = Release|Any CPU
		{EC2F36EE-9857-4009-AB4D-1CFB079F21F9}.Debug|Any CPU.ActiveCfg = Debug|Any CPU
		{EC2F36EE-9857-4009-AB4D-1CFB079F21F9}.Debug|Any CPU.Build.0 = Debug|Any CPU
		{EC2F36EE-9857-4009-AB4D-1CFB079F21F9}.Release|Any CPU.ActiveCfg = Release|Any CPU
		{EC2F36EE-9857-4009-AB4D-1CFB079F21F9}.Release|Any CPU.Build.0 = Release|Any CPU
		{296E27C7-D725-4702-94DC-4A0249722585}.Debug|Any CPU.ActiveCfg = Debug|Any CPU
		{296E27C7-D725-4702-94DC-4A0249722585}.Debug|Any CPU.Build.0 = Debug|Any CPU
		{296E27C7-D725-4702-94DC-4A0249722585}.Release|Any CPU.ActiveCfg = Release|Any CPU
		{296E27C7-D725-4702-94DC-4A0249722585}.Release|Any CPU.Build.0 = Release|Any CPU
		{40098664-743E-4461-941F-B8C44D445AFB}.Debug|Any CPU.ActiveCfg = Debug|Any CPU
		{40098664-743E-4461-941F-B8C44D445AFB}.Debug|Any CPU.Build.0 = Debug|Any CPU
		{40098664-743E-4461-941F-B8C44D445AFB}.Release|Any CPU.ActiveCfg = Release|Any CPU
		{40098664-743E-4461-941F-B8C44D445AFB}.Release|Any CPU.Build.0 = Release|Any CPU
		{38405417-3704-4150-8526-B22D41AB2FB8}.Debug|Any CPU.ActiveCfg = Debug|Any CPU
		{38405417-3704-4150-8526-B22D41AB2FB8}.Debug|Any CPU.Build.0 = Debug|Any CPU
		{38405417-3704-4150-8526-B22D41AB2FB8}.Release|Any CPU.ActiveCfg = Release|Any CPU
		{38405417-3704-4150-8526-B22D41AB2FB8}.Release|Any CPU.Build.0 = Release|Any CPU
		{1055D389-9927-4EED-9876-4B497CB3B3C2}.Debug|Any CPU.ActiveCfg = Debug|Any CPU
		{1055D389-9927-4EED-9876-4B497CB3B3C2}.Debug|Any CPU.Build.0 = Debug|Any CPU
		{1055D389-9927-4EED-9876-4B497CB3B3C2}.Release|Any CPU.ActiveCfg = Release|Any CPU
		{1055D389-9927-4EED-9876-4B497CB3B3C2}.Release|Any CPU.Build.0 = Release|Any CPU
		{13B8F61E-5E34-46CD-B76F-A92D9DCF6946}.Debug|Any CPU.ActiveCfg = Debug|Any CPU
		{13B8F61E-5E34-46CD-B76F-A92D9DCF6946}.Debug|Any CPU.Build.0 = Debug|Any CPU
		{13B8F61E-5E34-46CD-B76F-A92D9DCF6946}.Release|Any CPU.ActiveCfg = Release|Any CPU
		{13B8F61E-5E34-46CD-B76F-A92D9DCF6946}.Release|Any CPU.Build.0 = Release|Any CPU
		{7BBBAB9A-1630-4B15-AEB8-FA90BBDC165C}.Debug|Any CPU.ActiveCfg = Debug|Any CPU
		{7BBBAB9A-1630-4B15-AEB8-FA90BBDC165C}.Debug|Any CPU.Build.0 = Debug|Any CPU
		{7BBBAB9A-1630-4B15-AEB8-FA90BBDC165C}.Release|Any CPU.ActiveCfg = Release|Any CPU
		{7BBBAB9A-1630-4B15-AEB8-FA90BBDC165C}.Release|Any CPU.Build.0 = Release|Any CPU
	EndGlobalSection
	GlobalSection(SolutionProperties) = preSolution
		HideSolutionNode = FALSE
	EndGlobalSection
	GlobalSection(NestedProjects) = preSolution
		{F24CC22C-C409-4FBB-A065-9359A98E4856} = {14B7DE35-92C2-421C-9445-61777B1A0128}
		{E615A185-BBB0-4A92-8C61-47F699FFDA7F} = {14B7DE35-92C2-421C-9445-61777B1A0128}
		{BFD718DB-4526-4BED-B2B0-BB446EDFFEA1} = {28C935E3-4FB4-4B09-A9DB-26A1EB04CDE0}
		{0CA7DDC6-A1C5-467C-9CBF-8B4290D56D4A} = {28C935E3-4FB4-4B09-A9DB-26A1EB04CDE0}
		{60B1B64E-496C-4589-9208-1448B9784051} = {28C935E3-4FB4-4B09-A9DB-26A1EB04CDE0}
		{968654FE-84EE-4EA3-B047-4B70D502511B} = {BFD718DB-4526-4BED-B2B0-BB446EDFFEA1}
		{EC2F36EE-9857-4009-AB4D-1CFB079F21F9} = {BFD718DB-4526-4BED-B2B0-BB446EDFFEA1}
		{296E27C7-D725-4702-94DC-4A0249722585} = {BFD718DB-4526-4BED-B2B0-BB446EDFFEA1}
		{40098664-743E-4461-941F-B8C44D445AFB} = {BFD718DB-4526-4BED-B2B0-BB446EDFFEA1}
		{38405417-3704-4150-8526-B22D41AB2FB8} = {BFD718DB-4526-4BED-B2B0-BB446EDFFEA1}
		{1055D389-9927-4EED-9876-4B497CB3B3C2} = {BFD718DB-4526-4BED-B2B0-BB446EDFFEA1}
		{13B8F61E-5E34-46CD-B76F-A92D9DCF6946} = {BFD718DB-4526-4BED-B2B0-BB446EDFFEA1}
		{7BBBAB9A-1630-4B15-AEB8-FA90BBDC165C} = {BFD718DB-4526-4BED-B2B0-BB446EDFFEA1}
	EndGlobalSection
	GlobalSection(ExtensibilityGlobals) = postSolution
		SolutionGuid = {E6C77567-6F16-4EE3-8743-ADE6B68434FD}
	EndGlobalSection
EndGlobal
