
Microsoft Visual Studio Solution File, Format Version 12.00
# Visual Studio Version 17
VisualStudioVersion = 17.5.002.0
MinimumVisualStudioVersion = 10.0.40219.1
Project("{9A19103F-16F7-4668-BE54-9A1E7A4F7556}") = "Amazon.Lambda.AspNetCoreServer.Test", "Amazon.Lambda.AspNetCoreServer.Test.csproj", "{AE614E81-1148-41E0-9CA7-B1F3EB34B65E}"
EndProject
Global
	GlobalSection(SolutionConfigurationPlatforms) = preSolution
		Debug|Any CPU = Debug|Any CPU
		Release|Any CPU = Release|Any CPU
	EndGlobalSection
	GlobalSection(ProjectConfigurationPlatforms) = postSolution
		{AE614E81-1148-41E0-9CA7-B1F3EB34B65E}.Debug|Any CPU.ActiveCfg = Debug|Any CPU
		{AE614E81-1148-41E0-9CA7-B1F3EB34B65E}.Debug|Any CPU.Build.0 = Debug|Any CPU
		{AE614E81-1148-41E0-9CA7-B1F3EB34B65E}.Release|Any CPU.ActiveCfg = Release|Any CPU
		{AE614E81-1148-41E0-9CA7-B1F3EB34B65E}.Release|Any CPU.Build.0 = Release|Any CPU
	EndGlobalSection
	GlobalSection(SolutionProperties) = preSolution
		HideSolutionNode = FALSE
	EndGlobalSection
	GlobalSection(ExtensibilityGlobals) = postSolution
		SolutionGuid = {FDFB946B-997E-4736-A826-7461752C8DF4}
	EndGlobalSection
EndGlobal
